
Microsoft Visual Studio Solution File, Format Version 12.00
# Visual Studio 14
VisualStudioVersion = 14.0.23107.0
MinimumVisualStudioVersion = 10.0.40219.1
Project("{FAE04EC0-301F-11D3-BF4B-00C04F79EFBC}") = "portfolio2gr4", "portfolio2gr4\portfolio2gr4.csproj", "{3B103E86-ADA7-407E-A588-9BC7B84B0067}"
EndProject
Project("{FAE04EC0-301F-11D3-BF4B-00C04F79EFBC}") = "DAL", "DAL\DAL.csproj", "{070EDD38-2226-4B9D-B171-C8B4AFE05453}"
EndProject
<<<<<<< HEAD
Project("{FAE04EC0-301F-11D3-BF4B-00C04F79EFBC}") = "DALTests", "DALTests4\DALTests.csproj", "{A7217E63-AB39-405A-AF0A-4ACA0A8851CD}"
=======
Project("{FAE04EC0-301F-11D3-BF4B-00C04F79EFBC}") = "NUnitTestProject1", "NUnitTestProject1\NUnitTestProject1.csproj", "{067456C0-086C-46A8-B37F-1405717B7BFC}"
EndProject
Project("{FAE04EC0-301F-11D3-BF4B-00C04F79EFBC}") = "UnitTest", "UnitTest\UnitTest.csproj", "{459EF77C-A0BD-4271-9DA9-F156D51523A1}"
>>>>>>> 6bebcab7ec5cdc1d1b6b1914e04f8079a64ae4c5
EndProject
Global
	GlobalSection(SolutionConfigurationPlatforms) = preSolution
		Debug|Any CPU = Debug|Any CPU
		Release|Any CPU = Release|Any CPU
	EndGlobalSection
	GlobalSection(ProjectConfigurationPlatforms) = postSolution
		{3B103E86-ADA7-407E-A588-9BC7B84B0067}.Debug|Any CPU.ActiveCfg = Debug|Any CPU
		{3B103E86-ADA7-407E-A588-9BC7B84B0067}.Debug|Any CPU.Build.0 = Debug|Any CPU
		{3B103E86-ADA7-407E-A588-9BC7B84B0067}.Release|Any CPU.ActiveCfg = Release|Any CPU
		{3B103E86-ADA7-407E-A588-9BC7B84B0067}.Release|Any CPU.Build.0 = Release|Any CPU
		{070EDD38-2226-4B9D-B171-C8B4AFE05453}.Debug|Any CPU.ActiveCfg = Debug|Any CPU
		{070EDD38-2226-4B9D-B171-C8B4AFE05453}.Debug|Any CPU.Build.0 = Debug|Any CPU
		{070EDD38-2226-4B9D-B171-C8B4AFE05453}.Release|Any CPU.ActiveCfg = Release|Any CPU
		{070EDD38-2226-4B9D-B171-C8B4AFE05453}.Release|Any CPU.Build.0 = Release|Any CPU
<<<<<<< HEAD
		{A7217E63-AB39-405A-AF0A-4ACA0A8851CD}.Debug|Any CPU.ActiveCfg = Debug|Any CPU
		{A7217E63-AB39-405A-AF0A-4ACA0A8851CD}.Debug|Any CPU.Build.0 = Debug|Any CPU
		{A7217E63-AB39-405A-AF0A-4ACA0A8851CD}.Release|Any CPU.ActiveCfg = Release|Any CPU
		{A7217E63-AB39-405A-AF0A-4ACA0A8851CD}.Release|Any CPU.Build.0 = Release|Any CPU
=======
		{067456C0-086C-46A8-B37F-1405717B7BFC}.Debug|Any CPU.ActiveCfg = Debug|Any CPU
		{067456C0-086C-46A8-B37F-1405717B7BFC}.Debug|Any CPU.Build.0 = Debug|Any CPU
		{067456C0-086C-46A8-B37F-1405717B7BFC}.Release|Any CPU.ActiveCfg = Release|Any CPU
		{067456C0-086C-46A8-B37F-1405717B7BFC}.Release|Any CPU.Build.0 = Release|Any CPU
		{459EF77C-A0BD-4271-9DA9-F156D51523A1}.Debug|Any CPU.ActiveCfg = Debug|Any CPU
		{459EF77C-A0BD-4271-9DA9-F156D51523A1}.Debug|Any CPU.Build.0 = Debug|Any CPU
		{459EF77C-A0BD-4271-9DA9-F156D51523A1}.Release|Any CPU.ActiveCfg = Release|Any CPU
		{459EF77C-A0BD-4271-9DA9-F156D51523A1}.Release|Any CPU.Build.0 = Release|Any CPU
>>>>>>> 6bebcab7ec5cdc1d1b6b1914e04f8079a64ae4c5
	EndGlobalSection
	GlobalSection(SolutionProperties) = preSolution
		HideSolutionNode = FALSE
	EndGlobalSection
EndGlobal
